Microsoft Visual Studio Solution File, Format Version 12.00
# Visual Studio Version 16
VisualStudioVersion = 16.0.29102.190
MinimumVisualStudioVersion = 10.0.40219.1
Project("{FAE04EC0-301F-11D3-BF4B-00C04F79EFBC}") = "JitsiMessangerApp.Android", "JitsiMessangerApp.Android\JitsiMessangerApp.Android.csproj", "{CBD79941-307F-4878-91EA-3B6B7A063C7F}"
EndProject
Project("{FAE04EC0-301F-11D3-BF4B-00C04F79EFBC}") = "JitsiMessangerApp.iOS", "JitsiMessangerApp.iOS\JitsiMessangerApp.iOS.csproj", "{D1C74F15-B7BF-4C97-8905-693B6F588568}"
EndProject
Project("{9A19103F-16F7-4668-BE54-9A1E7A4F7556}") = "JitsiMessangerApp", "JitsiMessangerApp\JitsiMessangerApp.csproj", "{C7DC8624-44EB-4BDC-82DE-C9E88B942A25}"
EndProject
Project("{FAE04EC0-301F-11D3-BF4B-00C04F79EFBC}") = "JitsiAndroidSDK", "JitsiCore\JitsiAndroidSDK.csproj", "{45DDB690-AA34-4E31-9E92-470902EB5323}"
EndProject
Project("{FAE04EC0-301F-11D3-BF4B-00C04F79EFBC}") = "JitsiMeetIos", "JitsiMeetIos\JitsiMeetIos.csproj", "{2D7AD840-7470-4BA5-8200-2CAE652E6D4B}"
EndProject
Project("{FAE04EC0-301F-11D3-BF4B-00C04F79EFBC}") = "JitsiMeetIosSample", "JitsiMeetIosSample\JitsiMeetIosSample.csproj", "{953AE27E-F9E4-47D7-9362-F15DB268447B}"
EndProject
Project("{FAE04EC0-301F-11D3-BF4B-00C04F79EFBC}") = "ReactNativeLinearGradient", "ReactNativeLinearGradient\ReactNativeLinearGradient.csproj", "{5F0FD4F0-5383-4F21-83A1-EB1459BC5C22}"
EndProject
Project("{FAE04EC0-301F-11D3-BF4B-00C04F79EFBC}") = "ReactNativeCalendarEvents", "ReactNativeCalendarEvents\ReactNativeCalendarEvents.csproj", "{BC7EDC33-4AA9-428D-9DF7-EF5AB6021AE1}"
EndProject
Project("{FAE04EC0-301F-11D3-BF4B-00C04F79EFBC}") = "ReactNativeKeepAwake", "ReactNativeJitsiDependencies\ReactNativeKeepAwake.csproj", "{81168E99-3E6C-4041-AFB2-5B7C9BD35E3C}"
EndProject
Project("{FAE04EC0-301F-11D3-BF4B-00C04F79EFBC}") = "ReactNativeVectorIcons", "ReactNativeVectorIcons\ReactNativeVectorIcons.csproj", "{DCE6B7D2-A9D0-4469-955D-96641DD4CC05}"
EndProject
Project("{FAE04EC0-301F-11D3-BF4B-00C04F79EFBC}") = "ReactNativeCommunityAsyncStorage", "ReactNativeCommunityAsyncStorage\ReactNativeCommunityAsyncStorage.csproj", "{648241B9-2D32-4165-8F26-2735C4EC5605}"
EndProject
Project("{FAE04EC0-301F-11D3-BF4B-00C04F79EFBC}") = "ReactNativeFastImage", "ReactNativeFastImage\ReactNativeFastImage.csproj", "{E7404EC4-7188-4409-9E67-AAE83174A3F4}"
EndProject
Project("{FAE04EC0-301F-11D3-BF4B-00C04F79EFBC}") = "ReactNativeFetchBlob", "ReactNativeFetchBlob\ReactNativeFetchBlob.csproj", "{2FF1BC52-95E2-4750-8EEF-7B296596EF95}"
EndProject
Project("{FAE04EC0-301F-11D3-BF4B-00C04F79EFBC}") = "ReactNativeGoogleSignin", "ReactNativeGoogleSignin\ReactNativeGoogleSignin.csproj", "{FF52EFBC-564E-4E59-BC85-97D1165AACF1}"
EndProject
Project("{FAE04EC0-301F-11D3-BF4B-00C04F79EFBC}") = "ReactNativeImmersive", "ReactNativeImmersive\ReactNativeImmersive.csproj", "{C3C53A54-C669-483E-9692-AA9CA3CE9971}"
EndProject
Project("{FAE04EC0-301F-11D3-BF4B-00C04F79EFBC}") = "ReactNativeLocaleDetector", "ReactNativeLocaleDetector\ReactNativeLocaleDetector.csproj", "{B3A27D1E-993F-4D68-9305-2C6F3C00D889}"
EndProject
Project("{FAE04EC0-301F-11D3-BF4B-00C04F79EFBC}") = "ReactNativeSound", "ReactNativeSound\ReactNativeSound.csproj", "{0FC7DE5E-15EC-413D-B442-AFA1AA80BD07}"
EndProject
Project("{FAE04EC0-301F-11D3-BF4B-00C04F79EFBC}") = "ReactNativeWebrtc", "ReactNativeWebrtc\ReactNativeWebrtc.csproj", "{E806BFC1-FD3F-47D2-8DBC-BD250D2ED61D}"
EndProject
Project("{FAE04EC0-301F-11D3-BF4B-00C04F79EFBC}") = "ReactNativeWebview", "ReactNativeWebview\ReactNativeWebview.csproj", "{42645C07-7A3A-48CA-9003-7BB342CD2635}"
EndProject
Project("{FAE04EC0-301F-11D3-BF4B-00C04F79EFBC}") = "ReactNativeBackgroundTimer", "ReactNativeBackgroundTimer\ReactNativeBackgroundTimer.csproj", "{3EB71994-3C27-4BB2-8844-8A1FF1E7A41A}"
EndProject
Project("{FAE04EC0-301F-11D3-BF4B-00C04F79EFBC}") = "SeleniumGridExtras", "SeleniumGridExtras\SeleniumGridExtras.csproj", "{553FC3A4-54CC-428B-98ED-C291B2F465FB}"
EndProject
Project("{FAE04EC0-301F-11D3-BF4B-00C04F79EFBC}") = "ReactNative", "ReactNative\ReactNative.csproj", "{9AB853BB-C9E5-4CE0-BFE5-3735F04F1E6D}"
EndProject
Project("{FAE04EC0-301F-11D3-BF4B-00C04F79EFBC}") = "JitsiMeetAndroidSample", "JitsiMeetAndroidSample\JitsiMeetAndroidSample.csproj", "{97AE1E4E-B0B6-43EA-A3E2-7F3C5F5C313A}"
EndProject
Project("{FAE04EC0-301F-11D3-BF4B-00C04F79EFBC}") = "JitsiMeetDependencies", "JitsiMeetDependencies\JitsiMeetDependencies.csproj", "{453929BA-9957-423F-BD44-59906C80CBD2}"
EndProject
Project("{FAE04EC0-301F-11D3-BF4B-00C04F79EFBC}") = "AndroidJSCJitsi", "AndroidJSCJitsi\AndroidJSCJitsi.csproj", "{D8D360E9-4B52-4157-A0C9-171125A16D35}"
EndProject
Project("{FAE04EC0-301F-11D3-BF4B-00C04F79EFBC}") = "ImagePipeline", "ImagePipeline\ImagePipeline.csproj", "{3157A74A-CD2F-4308-A81D-D9CE8E99C7B0}"
EndProject
Global
	GlobalSection(SolutionConfigurationPlatforms) = preSolution
		Debug|Any CPU = Debug|Any CPU
		Debug|iPhone = Debug|iPhone
		Debug|iPhoneSimulator = Debug|iPhoneSimulator
		Release|Any CPU = Release|Any CPU
		Release|iPhone = Release|iPhone
		Release|iPhoneSimulator = Release|iPhoneSimulator
	EndGlobalSection
	GlobalSection(ProjectConfigurationPlatforms) = postSolution
		{CBD79941-307F-4878-91EA-3B6B7A063C7F}.Debug|Any CPU.ActiveCfg = Debug|Any CPU
		{CBD79941-307F-4878-91EA-3B6B7A063C7F}.Debug|Any CPU.Build.0 = Debug|Any CPU
		{CBD79941-307F-4878-91EA-3B6B7A063C7F}.Debug|Any CPU.Deploy.0 = Debug|Any CPU
		{CBD79941-307F-4878-91EA-3B6B7A063C7F}.Debug|iPhone.ActiveCfg = Debug|Any CPU
		{CBD79941-307F-4878-91EA-3B6B7A063C7F}.Debug|iPhone.Build.0 = Debug|Any CPU
		{CBD79941-307F-4878-91EA-3B6B7A063C7F}.Debug|iPhoneSimulator.ActiveCfg = Debug|Any CPU
		{CBD79941-307F-4878-91EA-3B6B7A063C7F}.Debug|iPhoneSimulator.Build.0 = Debug|Any CPU
		{CBD79941-307F-4878-91EA-3B6B7A063C7F}.Release|Any CPU.ActiveCfg = Release|Any CPU
		{CBD79941-307F-4878-91EA-3B6B7A063C7F}.Release|Any CPU.Build.0 = Release|Any CPU
		{CBD79941-307F-4878-91EA-3B6B7A063C7F}.Release|iPhone.ActiveCfg = Release|Any CPU
		{CBD79941-307F-4878-91EA-3B6B7A063C7F}.Release|iPhone.Build.0 = Release|Any CPU
		{CBD79941-307F-4878-91EA-3B6B7A063C7F}.Release|iPhoneSimulator.ActiveCfg = Release|Any CPU
		{CBD79941-307F-4878-91EA-3B6B7A063C7F}.Release|iPhoneSimulator.Build.0 = Release|Any CPU
		{D1C74F15-B7BF-4C97-8905-693B6F588568}.Debug|Any CPU.ActiveCfg = Debug|iPhoneSimulator
		{D1C74F15-B7BF-4C97-8905-693B6F588568}.Debug|Any CPU.Build.0 = Debug|iPhoneSimulator
		{D1C74F15-B7BF-4C97-8905-693B6F588568}.Debug|iPhone.ActiveCfg = Debug|iPhone
		{D1C74F15-B7BF-4C97-8905-693B6F588568}.Debug|iPhone.Build.0 = Debug|iPhone
		{D1C74F15-B7BF-4C97-8905-693B6F588568}.Debug|iPhoneSimulator.ActiveCfg = Debug|iPhoneSimulator
		{D1C74F15-B7BF-4C97-8905-693B6F588568}.Debug|iPhoneSimulator.Build.0 = Debug|iPhoneSimulator
		{D1C74F15-B7BF-4C97-8905-693B6F588568}.Release|Any CPU.ActiveCfg = Release|iPhoneSimulator
		{D1C74F15-B7BF-4C97-8905-693B6F588568}.Release|Any CPU.Build.0 = Release|iPhoneSimulator
		{D1C74F15-B7BF-4C97-8905-693B6F588568}.Release|iPhone.ActiveCfg = Release|iPhone
		{D1C74F15-B7BF-4C97-8905-693B6F588568}.Release|iPhone.Build.0 = Release|iPhone
		{D1C74F15-B7BF-4C97-8905-693B6F588568}.Release|iPhoneSimulator.ActiveCfg = Release|iPhoneSimulator
		{D1C74F15-B7BF-4C97-8905-693B6F588568}.Release|iPhoneSimulator.Build.0 = Release|iPhoneSimulator
		{C7DC8624-44EB-4BDC-82DE-C9E88B942A25}.Debug|Any CPU.ActiveCfg = Debug|Any CPU
		{C7DC8624-44EB-4BDC-82DE-C9E88B942A25}.Debug|Any CPU.Build.0 = Debug|Any CPU
		{C7DC8624-44EB-4BDC-82DE-C9E88B942A25}.Debug|iPhone.ActiveCfg = Debug|Any CPU
		{C7DC8624-44EB-4BDC-82DE-C9E88B942A25}.Debug|iPhone.Build.0 = Debug|Any CPU
		{C7DC8624-44EB-4BDC-82DE-C9E88B942A25}.Debug|iPhoneSimulator.ActiveCfg = Debug|Any CPU
		{C7DC8624-44EB-4BDC-82DE-C9E88B942A25}.Debug|iPhoneSimulator.Build.0 = Debug|Any CPU
		{C7DC8624-44EB-4BDC-82DE-C9E88B942A25}.Release|Any CPU.ActiveCfg = Release|Any CPU
		{C7DC8624-44EB-4BDC-82DE-C9E88B942A25}.Release|Any CPU.Build.0 = Release|Any CPU
		{C7DC8624-44EB-4BDC-82DE-C9E88B942A25}.Release|iPhone.ActiveCfg = Release|Any CPU
		{C7DC8624-44EB-4BDC-82DE-C9E88B942A25}.Release|iPhone.Build.0 = Release|Any CPU
		{C7DC8624-44EB-4BDC-82DE-C9E88B942A25}.Release|iPhoneSimulator.ActiveCfg = Release|Any CPU
		{C7DC8624-44EB-4BDC-82DE-C9E88B942A25}.Release|iPhoneSimulator.Build.0 = Release|Any CPU
		{45DDB690-AA34-4E31-9E92-470902EB5323}.Debug|Any CPU.ActiveCfg = Debug|Any CPU
		{45DDB690-AA34-4E31-9E92-470902EB5323}.Debug|Any CPU.Build.0 = Debug|Any CPU
		{45DDB690-AA34-4E31-9E92-470902EB5323}.Debug|iPhone.ActiveCfg = Debug|Any CPU
		{45DDB690-AA34-4E31-9E92-470902EB5323}.Debug|iPhone.Build.0 = Debug|Any CPU
		{45DDB690-AA34-4E31-9E92-470902EB5323}.Debug|iPhoneSimulator.ActiveCfg = Debug|Any CPU
		{45DDB690-AA34-4E31-9E92-470902EB5323}.Debug|iPhoneSimulator.Build.0 = Debug|Any CPU
		{45DDB690-AA34-4E31-9E92-470902EB5323}.Release|Any CPU.ActiveCfg = Release|Any CPU
		{45DDB690-AA34-4E31-9E92-470902EB5323}.Release|Any CPU.Build.0 = Release|Any CPU
		{45DDB690-AA34-4E31-9E92-470902EB5323}.Release|iPhone.ActiveCfg = Release|Any CPU
		{45DDB690-AA34-4E31-9E92-470902EB5323}.Release|iPhone.Build.0 = Release|Any CPU
		{45DDB690-AA34-4E31-9E92-470902EB5323}.Release|iPhoneSimulator.ActiveCfg = Release|Any CPU
		{45DDB690-AA34-4E31-9E92-470902EB5323}.Release|iPhoneSimulator.Build.0 = Release|Any CPU
		{2D7AD840-7470-4BA5-8200-2CAE652E6D4B}.Debug|Any CPU.ActiveCfg = Debug|Any CPU
		{2D7AD840-7470-4BA5-8200-2CAE652E6D4B}.Debug|Any CPU.Build.0 = Debug|Any CPU
		{2D7AD840-7470-4BA5-8200-2CAE652E6D4B}.Debug|iPhone.ActiveCfg = Debug|Any CPU
		{2D7AD840-7470-4BA5-8200-2CAE652E6D4B}.Debug|iPhone.Build.0 = Debug|Any CPU
		{2D7AD840-7470-4BA5-8200-2CAE652E6D4B}.Debug|iPhoneSimulator.ActiveCfg = Debug|Any CPU
		{2D7AD840-7470-4BA5-8200-2CAE652E6D4B}.Debug|iPhoneSimulator.Build.0 = Debug|Any CPU
		{2D7AD840-7470-4BA5-8200-2CAE652E6D4B}.Release|Any CPU.ActiveCfg = Release|Any CPU
		{2D7AD840-7470-4BA5-8200-2CAE652E6D4B}.Release|Any CPU.Build.0 = Release|Any CPU
		{2D7AD840-7470-4BA5-8200-2CAE652E6D4B}.Release|iPhone.ActiveCfg = Release|Any CPU
		{2D7AD840-7470-4BA5-8200-2CAE652E6D4B}.Release|iPhone.Build.0 = Release|Any CPU
		{2D7AD840-7470-4BA5-8200-2CAE652E6D4B}.Release|iPhoneSimulator.ActiveCfg = Release|Any CPU
		{2D7AD840-7470-4BA5-8200-2CAE652E6D4B}.Release|iPhoneSimulator.Build.0 = Release|Any CPU
		{953AE27E-F9E4-47D7-9362-F15DB268447B}.Debug|Any CPU.ActiveCfg = Debug|iPhoneSimulator
		{953AE27E-F9E4-47D7-9362-F15DB268447B}.Debug|Any CPU.Build.0 = Debug|iPhoneSimulator
		{953AE27E-F9E4-47D7-9362-F15DB268447B}.Debug|iPhone.ActiveCfg = Debug|iPhone
		{953AE27E-F9E4-47D7-9362-F15DB268447B}.Debug|iPhone.Build.0 = Debug|iPhone
		{953AE27E-F9E4-47D7-9362-F15DB268447B}.Debug|iPhoneSimulator.ActiveCfg = Debug|iPhoneSimulator
		{953AE27E-F9E4-47D7-9362-F15DB268447B}.Debug|iPhoneSimulator.Build.0 = Debug|iPhoneSimulator
		{953AE27E-F9E4-47D7-9362-F15DB268447B}.Release|Any CPU.ActiveCfg = Release|iPhoneSimulator
		{953AE27E-F9E4-47D7-9362-F15DB268447B}.Release|Any CPU.Build.0 = Release|iPhoneSimulator
		{953AE27E-F9E4-47D7-9362-F15DB268447B}.Release|iPhone.ActiveCfg = Release|iPhone
		{953AE27E-F9E4-47D7-9362-F15DB268447B}.Release|iPhone.Build.0 = Release|iPhone
		{953AE27E-F9E4-47D7-9362-F15DB268447B}.Release|iPhoneSimulator.ActiveCfg = Release|iPhoneSimulator
		{953AE27E-F9E4-47D7-9362-F15DB268447B}.Release|iPhoneSimulator.Build.0 = Release|iPhoneSimulator
		{5F0FD4F0-5383-4F21-83A1-EB1459BC5C22}.Debug|Any CPU.ActiveCfg = Debug|Any CPU
		{5F0FD4F0-5383-4F21-83A1-EB1459BC5C22}.Debug|Any CPU.Build.0 = Debug|Any CPU
		{5F0FD4F0-5383-4F21-83A1-EB1459BC5C22}.Debug|iPhone.ActiveCfg = Debug|Any CPU
		{5F0FD4F0-5383-4F21-83A1-EB1459BC5C22}.Debug|iPhone.Build.0 = Debug|Any CPU
		{5F0FD4F0-5383-4F21-83A1-EB1459BC5C22}.Debug|iPhoneSimulator.ActiveCfg = Debug|Any CPU
		{5F0FD4F0-5383-4F21-83A1-EB1459BC5C22}.Debug|iPhoneSimulator.Build.0 = Debug|Any CPU
		{5F0FD4F0-5383-4F21-83A1-EB1459BC5C22}.Release|Any CPU.ActiveCfg = Release|Any CPU
		{5F0FD4F0-5383-4F21-83A1-EB1459BC5C22}.Release|Any CPU.Build.0 = Release|Any CPU
		{5F0FD4F0-5383-4F21-83A1-EB1459BC5C22}.Release|iPhone.ActiveCfg = Release|Any CPU
		{5F0FD4F0-5383-4F21-83A1-EB1459BC5C22}.Release|iPhone.Build.0 = Release|Any CPU
		{5F0FD4F0-5383-4F21-83A1-EB1459BC5C22}.Release|iPhoneSimulator.ActiveCfg = Release|Any CPU
		{5F0FD4F0-5383-4F21-83A1-EB1459BC5C22}.Release|iPhoneSimulator.Build.0 = Release|Any CPU
		{BC7EDC33-4AA9-428D-9DF7-EF5AB6021AE1}.Debug|Any CPU.ActiveCfg = Debug|Any CPU
		{BC7EDC33-4AA9-428D-9DF7-EF5AB6021AE1}.Debug|Any CPU.Build.0 = Debug|Any CPU
		{BC7EDC33-4AA9-428D-9DF7-EF5AB6021AE1}.Debug|iPhone.ActiveCfg = Debug|Any CPU
		{BC7EDC33-4AA9-428D-9DF7-EF5AB6021AE1}.Debug|iPhone.Build.0 = Debug|Any CPU
		{BC7EDC33-4AA9-428D-9DF7-EF5AB6021AE1}.Debug|iPhoneSimulator.ActiveCfg = Debug|Any CPU
		{BC7EDC33-4AA9-428D-9DF7-EF5AB6021AE1}.Debug|iPhoneSimulator.Build.0 = Debug|Any CPU
		{BC7EDC33-4AA9-428D-9DF7-EF5AB6021AE1}.Release|Any CPU.ActiveCfg = Release|Any CPU
		{BC7EDC33-4AA9-428D-9DF7-EF5AB6021AE1}.Release|Any CPU.Build.0 = Release|Any CPU
		{BC7EDC33-4AA9-428D-9DF7-EF5AB6021AE1}.Release|iPhone.ActiveCfg = Release|Any CPU
		{BC7EDC33-4AA9-428D-9DF7-EF5AB6021AE1}.Release|iPhone.Build.0 = Release|Any CPU
		{BC7EDC33-4AA9-428D-9DF7-EF5AB6021AE1}.Release|iPhoneSimulator.ActiveCfg = Release|Any CPU
		{BC7EDC33-4AA9-428D-9DF7-EF5AB6021AE1}.Release|iPhoneSimulator.Build.0 = Release|Any CPU
		{81168E99-3E6C-4041-AFB2-5B7C9BD35E3C}.Debug|Any CPU.ActiveCfg = Debug|Any CPU
		{81168E99-3E6C-4041-AFB2-5B7C9BD35E3C}.Debug|Any CPU.Build.0 = Debug|Any CPU
		{81168E99-3E6C-4041-AFB2-5B7C9BD35E3C}.Debug|iPhone.ActiveCfg = Debug|Any CPU
		{81168E99-3E6C-4041-AFB2-5B7C9BD35E3C}.Debug|iPhone.Build.0 = Debug|Any CPU
		{81168E99-3E6C-4041-AFB2-5B7C9BD35E3C}.Debug|iPhoneSimulator.ActiveCfg = Debug|Any CPU
		{81168E99-3E6C-4041-AFB2-5B7C9BD35E3C}.Debug|iPhoneSimulator.Build.0 = Debug|Any CPU
		{81168E99-3E6C-4041-AFB2-5B7C9BD35E3C}.Release|Any CPU.ActiveCfg = Release|Any CPU
		{81168E99-3E6C-4041-AFB2-5B7C9BD35E3C}.Release|Any CPU.Build.0 = Release|Any CPU
		{81168E99-3E6C-4041-AFB2-5B7C9BD35E3C}.Release|iPhone.ActiveCfg = Release|Any CPU
		{81168E99-3E6C-4041-AFB2-5B7C9BD35E3C}.Release|iPhone.Build.0 = Release|Any CPU
		{81168E99-3E6C-4041-AFB2-5B7C9BD35E3C}.Release|iPhoneSimulator.ActiveCfg = Release|Any CPU
		{81168E99-3E6C-4041-AFB2-5B7C9BD35E3C}.Release|iPhoneSimulator.Build.0 = Release|Any CPU
		{DCE6B7D2-A9D0-4469-955D-96641DD4CC05}.Debug|Any CPU.ActiveCfg = Debug|Any CPU
		{DCE6B7D2-A9D0-4469-955D-96641DD4CC05}.Debug|Any CPU.Build.0 = Debug|Any CPU
		{DCE6B7D2-A9D0-4469-955D-96641DD4CC05}.Debug|iPhone.ActiveCfg = Debug|Any CPU
		{DCE6B7D2-A9D0-4469-955D-96641DD4CC05}.Debug|iPhone.Build.0 = Debug|Any CPU
		{DCE6B7D2-A9D0-4469-955D-96641DD4CC05}.Debug|iPhoneSimulator.ActiveCfg = Debug|Any CPU
		{DCE6B7D2-A9D0-4469-955D-96641DD4CC05}.Debug|iPhoneSimulator.Build.0 = Debug|Any CPU
		{DCE6B7D2-A9D0-4469-955D-96641DD4CC05}.Release|Any CPU.ActiveCfg = Release|Any CPU
		{DCE6B7D2-A9D0-4469-955D-96641DD4CC05}.Release|Any CPU.Build.0 = Release|Any CPU
		{DCE6B7D2-A9D0-4469-955D-96641DD4CC05}.Release|iPhone.ActiveCfg = Release|Any CPU
		{DCE6B7D2-A9D0-4469-955D-96641DD4CC05}.Release|iPhone.Build.0 = Release|Any CPU
		{DCE6B7D2-A9D0-4469-955D-96641DD4CC05}.Release|iPhoneSimulator.ActiveCfg = Release|Any CPU
		{DCE6B7D2-A9D0-4469-955D-96641DD4CC05}.Release|iPhoneSimulator.Build.0 = Release|Any CPU
		{648241B9-2D32-4165-8F26-2735C4EC5605}.Debug|Any CPU.ActiveCfg = Debug|Any CPU
		{648241B9-2D32-4165-8F26-2735C4EC5605}.Debug|Any CPU.Build.0 = Debug|Any CPU
		{648241B9-2D32-4165-8F26-2735C4EC5605}.Debug|iPhone.ActiveCfg = Debug|Any CPU
		{648241B9-2D32-4165-8F26-2735C4EC5605}.Debug|iPhone.Build.0 = Debug|Any CPU
		{648241B9-2D32-4165-8F26-2735C4EC5605}.Debug|iPhoneSimulator.ActiveCfg = Debug|Any CPU
		{648241B9-2D32-4165-8F26-2735C4EC5605}.Debug|iPhoneSimulator.Build.0 = Debug|Any CPU
		{648241B9-2D32-4165-8F26-2735C4EC5605}.Release|Any CPU.ActiveCfg = Release|Any CPU
		{648241B9-2D32-4165-8F26-2735C4EC5605}.Release|Any CPU.Build.0 = Release|Any CPU
		{648241B9-2D32-4165-8F26-2735C4EC5605}.Release|iPhone.ActiveCfg = Release|Any CPU
		{648241B9-2D32-4165-8F26-2735C4EC5605}.Release|iPhone.Build.0 = Release|Any CPU
		{648241B9-2D32-4165-8F26-2735C4EC5605}.Release|iPhoneSimulator.ActiveCfg = Release|Any CPU
		{648241B9-2D32-4165-8F26-2735C4EC5605}.Release|iPhoneSimulator.Build.0 = Release|Any CPU
		{E7404EC4-7188-4409-9E67-AAE83174A3F4}.Debug|Any CPU.ActiveCfg = Debug|Any CPU
		{E7404EC4-7188-4409-9E67-AAE83174A3F4}.Debug|Any CPU.Build.0 = Debug|Any CPU
		{E7404EC4-7188-4409-9E67-AAE83174A3F4}.Debug|iPhone.ActiveCfg = Debug|Any CPU
		{E7404EC4-7188-4409-9E67-AAE83174A3F4}.Debug|iPhone.Build.0 = Debug|Any CPU
		{E7404EC4-7188-4409-9E67-AAE83174A3F4}.Debug|iPhoneSimulator.ActiveCfg = Debug|Any CPU
		{E7404EC4-7188-4409-9E67-AAE83174A3F4}.Debug|iPhoneSimulator.Build.0 = Debug|Any CPU
		{E7404EC4-7188-4409-9E67-AAE83174A3F4}.Release|Any CPU.ActiveCfg = Release|Any CPU
		{E7404EC4-7188-4409-9E67-AAE83174A3F4}.Release|Any CPU.Build.0 = Release|Any CPU
		{E7404EC4-7188-4409-9E67-AAE83174A3F4}.Release|iPhone.ActiveCfg = Release|Any CPU
		{E7404EC4-7188-4409-9E67-AAE83174A3F4}.Release|iPhone.Build.0 = Release|Any CPU
		{E7404EC4-7188-4409-9E67-AAE83174A3F4}.Release|iPhoneSimulator.ActiveCfg = Release|Any CPU
		{E7404EC4-7188-4409-9E67-AAE83174A3F4}.Release|iPhoneSimulator.Build.0 = Release|Any CPU
		{2FF1BC52-95E2-4750-8EEF-7B296596EF95}.Debug|Any CPU.ActiveCfg = Debug|Any CPU
		{2FF1BC52-95E2-4750-8EEF-7B296596EF95}.Debug|Any CPU.Build.0 = Debug|Any CPU
		{2FF1BC52-95E2-4750-8EEF-7B296596EF95}.Debug|iPhone.ActiveCfg = Debug|Any CPU
		{2FF1BC52-95E2-4750-8EEF-7B296596EF95}.Debug|iPhone.Build.0 = Debug|Any CPU
		{2FF1BC52-95E2-4750-8EEF-7B296596EF95}.Debug|iPhoneSimulator.ActiveCfg = Debug|Any CPU
		{2FF1BC52-95E2-4750-8EEF-7B296596EF95}.Debug|iPhoneSimulator.Build.0 = Debug|Any CPU
		{2FF1BC52-95E2-4750-8EEF-7B296596EF95}.Release|Any CPU.ActiveCfg = Release|Any CPU
		{2FF1BC52-95E2-4750-8EEF-7B296596EF95}.Release|Any CPU.Build.0 = Release|Any CPU
		{2FF1BC52-95E2-4750-8EEF-7B296596EF95}.Release|iPhone.ActiveCfg = Release|Any CPU
		{2FF1BC52-95E2-4750-8EEF-7B296596EF95}.Release|iPhone.Build.0 = Release|Any CPU
		{2FF1BC52-95E2-4750-8EEF-7B296596EF95}.Release|iPhoneSimulator.ActiveCfg = Release|Any CPU
		{2FF1BC52-95E2-4750-8EEF-7B296596EF95}.Release|iPhoneSimulator.Build.0 = Release|Any CPU
		{FF52EFBC-564E-4E59-BC85-97D1165AACF1}.Debug|Any CPU.ActiveCfg = Debug|Any CPU
		{FF52EFBC-564E-4E59-BC85-97D1165AACF1}.Debug|Any CPU.Build.0 = Debug|Any CPU
		{FF52EFBC-564E-4E59-BC85-97D1165AACF1}.Debug|iPhone.ActiveCfg = Debug|Any CPU
		{FF52EFBC-564E-4E59-BC85-97D1165AACF1}.Debug|iPhone.Build.0 = Debug|Any CPU
		{FF52EFBC-564E-4E59-BC85-97D1165AACF1}.Debug|iPhoneSimulator.ActiveCfg = Debug|Any CPU
		{FF52EFBC-564E-4E59-BC85-97D1165AACF1}.Debug|iPhoneSimulator.Build.0 = Debug|Any CPU
		{FF52EFBC-564E-4E59-BC85-97D1165AACF1}.Release|Any CPU.ActiveCfg = Release|Any CPU
		{FF52EFBC-564E-4E59-BC85-97D1165AACF1}.Release|Any CPU.Build.0 = Release|Any CPU
		{FF52EFBC-564E-4E59-BC85-97D1165AACF1}.Release|iPhone.ActiveCfg = Release|Any CPU
		{FF52EFBC-564E-4E59-BC85-97D1165AACF1}.Release|iPhone.Build.0 = Release|Any CPU
		{FF52EFBC-564E-4E59-BC85-97D1165AACF1}.Release|iPhoneSimulator.ActiveCfg = Release|Any CPU
		{FF52EFBC-564E-4E59-BC85-97D1165AACF1}.Release|iPhoneSimulator.Build.0 = Release|Any CPU
		{C3C53A54-C669-483E-9692-AA9CA3CE9971}.Debug|Any CPU.ActiveCfg = Debug|Any CPU
		{C3C53A54-C669-483E-9692-AA9CA3CE9971}.Debug|Any CPU.Build.0 = Debug|Any CPU
		{C3C53A54-C669-483E-9692-AA9CA3CE9971}.Debug|iPhone.ActiveCfg = Debug|Any CPU
		{C3C53A54-C669-483E-9692-AA9CA3CE9971}.Debug|iPhone.Build.0 = Debug|Any CPU
		{C3C53A54-C669-483E-9692-AA9CA3CE9971}.Debug|iPhoneSimulator.ActiveCfg = Debug|Any CPU
		{C3C53A54-C669-483E-9692-AA9CA3CE9971}.Debug|iPhoneSimulator.Build.0 = Debug|Any CPU
		{C3C53A54-C669-483E-9692-AA9CA3CE9971}.Release|Any CPU.ActiveCfg = Release|Any CPU
		{C3C53A54-C669-483E-9692-AA9CA3CE9971}.Release|Any CPU.Build.0 = Release|Any CPU
		{C3C53A54-C669-483E-9692-AA9CA3CE9971}.Release|iPhone.ActiveCfg = Release|Any CPU
		{C3C53A54-C669-483E-9692-AA9CA3CE9971}.Release|iPhone.Build.0 = Release|Any CPU
		{C3C53A54-C669-483E-9692-AA9CA3CE9971}.Release|iPhoneSimulator.ActiveCfg = Release|Any CPU
		{C3C53A54-C669-483E-9692-AA9CA3CE9971}.Release|iPhoneSimulator.Build.0 = Release|Any CPU
		{B3A27D1E-993F-4D68-9305-2C6F3C00D889}.Debug|Any CPU.ActiveCfg = Debug|Any CPU
		{B3A27D1E-993F-4D68-9305-2C6F3C00D889}.Debug|Any CPU.Build.0 = Debug|Any CPU
		{B3A27D1E-993F-4D68-9305-2C6F3C00D889}.Debug|iPhone.ActiveCfg = Debug|Any CPU
		{B3A27D1E-993F-4D68-9305-2C6F3C00D889}.Debug|iPhone.Build.0 = Debug|Any CPU
		{B3A27D1E-993F-4D68-9305-2C6F3C00D889}.Debug|iPhoneSimulator.ActiveCfg = Debug|Any CPU
		{B3A27D1E-993F-4D68-9305-2C6F3C00D889}.Debug|iPhoneSimulator.Build.0 = Debug|Any CPU
		{B3A27D1E-993F-4D68-9305-2C6F3C00D889}.Release|Any CPU.ActiveCfg = Release|Any CPU
		{B3A27D1E-993F-4D68-9305-2C6F3C00D889}.Release|Any CPU.Build.0 = Release|Any CPU
		{B3A27D1E-993F-4D68-9305-2C6F3C00D889}.Release|iPhone.ActiveCfg = Release|Any CPU
		{B3A27D1E-993F-4D68-9305-2C6F3C00D889}.Release|iPhone.Build.0 = Release|Any CPU
		{B3A27D1E-993F-4D68-9305-2C6F3C00D889}.Release|iPhoneSimulator.ActiveCfg = Release|Any CPU
		{B3A27D1E-993F-4D68-9305-2C6F3C00D889}.Release|iPhoneSimulator.Build.0 = Release|Any CPU
		{0FC7DE5E-15EC-413D-B442-AFA1AA80BD07}.Debug|Any CPU.ActiveCfg = Debug|Any CPU
		{0FC7DE5E-15EC-413D-B442-AFA1AA80BD07}.Debug|Any CPU.Build.0 = Debug|Any CPU
		{0FC7DE5E-15EC-413D-B442-AFA1AA80BD07}.Debug|iPhone.ActiveCfg = Debug|Any CPU
		{0FC7DE5E-15EC-413D-B442-AFA1AA80BD07}.Debug|iPhone.Build.0 = Debug|Any CPU
		{0FC7DE5E-15EC-413D-B442-AFA1AA80BD07}.Debug|iPhoneSimulator.ActiveCfg = Debug|Any CPU
		{0FC7DE5E-15EC-413D-B442-AFA1AA80BD07}.Debug|iPhoneSimulator.Build.0 = Debug|Any CPU
		{0FC7DE5E-15EC-413D-B442-AFA1AA80BD07}.Release|Any CPU.ActiveCfg = Release|Any CPU
		{0FC7DE5E-15EC-413D-B442-AFA1AA80BD07}.Release|Any CPU.Build.0 = Release|Any CPU
		{0FC7DE5E-15EC-413D-B442-AFA1AA80BD07}.Release|iPhone.ActiveCfg = Release|Any CPU
		{0FC7DE5E-15EC-413D-B442-AFA1AA80BD07}.Release|iPhone.Build.0 = Release|Any CPU
		{0FC7DE5E-15EC-413D-B442-AFA1AA80BD07}.Release|iPhoneSimulator.ActiveCfg = Release|Any CPU
		{0FC7DE5E-15EC-413D-B442-AFA1AA80BD07}.Release|iPhoneSimulator.Build.0 = Release|Any CPU
		{E806BFC1-FD3F-47D2-8DBC-BD250D2ED61D}.Debug|Any CPU.ActiveCfg = Debug|Any CPU
		{E806BFC1-FD3F-47D2-8DBC-BD250D2ED61D}.Debug|Any CPU.Build.0 = Debug|Any CPU
		{E806BFC1-FD3F-47D2-8DBC-BD250D2ED61D}.Debug|iPhone.ActiveCfg = Debug|Any CPU
		{E806BFC1-FD3F-47D2-8DBC-BD250D2ED61D}.Debug|iPhone.Build.0 = Debug|Any CPU
		{E806BFC1-FD3F-47D2-8DBC-BD250D2ED61D}.Debug|iPhoneSimulator.ActiveCfg = Debug|Any CPU
		{E806BFC1-FD3F-47D2-8DBC-BD250D2ED61D}.Debug|iPhoneSimulator.Build.0 = Debug|Any CPU
		{E806BFC1-FD3F-47D2-8DBC-BD250D2ED61D}.Release|Any CPU.ActiveCfg = Release|Any CPU
		{E806BFC1-FD3F-47D2-8DBC-BD250D2ED61D}.Release|Any CPU.Build.0 = Release|Any CPU
		{E806BFC1-FD3F-47D2-8DBC-BD250D2ED61D}.Release|iPhone.ActiveCfg = Release|Any CPU
		{E806BFC1-FD3F-47D2-8DBC-BD250D2ED61D}.Release|iPhone.Build.0 = Release|Any CPU
		{E806BFC1-FD3F-47D2-8DBC-BD250D2ED61D}.Release|iPhoneSimulator.ActiveCfg = Release|Any CPU
		{E806BFC1-FD3F-47D2-8DBC-BD250D2ED61D}.Release|iPhoneSimulator.Build.0 = Release|Any CPU
		{42645C07-7A3A-48CA-9003-7BB342CD2635}.Debug|Any CPU.ActiveCfg = Debug|Any CPU
		{42645C07-7A3A-48CA-9003-7BB342CD2635}.Debug|Any CPU.Build.0 = Debug|Any CPU
		{42645C07-7A3A-48CA-9003-7BB342CD2635}.Debug|iPhone.ActiveCfg = Debug|Any CPU
		{42645C07-7A3A-48CA-9003-7BB342CD2635}.Debug|iPhone.Build.0 = Debug|Any CPU
		{42645C07-7A3A-48CA-9003-7BB342CD2635}.Debug|iPhoneSimulator.ActiveCfg = Debug|Any CPU
		{42645C07-7A3A-48CA-9003-7BB342CD2635}.Debug|iPhoneSimulator.Build.0 = Debug|Any CPU
		{42645C07-7A3A-48CA-9003-7BB342CD2635}.Release|Any CPU.ActiveCfg = Release|Any CPU
		{42645C07-7A3A-48CA-9003-7BB342CD2635}.Release|Any CPU.Build.0 = Release|Any CPU
		{42645C07-7A3A-48CA-9003-7BB342CD2635}.Release|iPhone.ActiveCfg = Release|Any CPU
		{42645C07-7A3A-48CA-9003-7BB342CD2635}.Release|iPhone.Build.0 = Release|Any CPU
		{42645C07-7A3A-48CA-9003-7BB342CD2635}.Release|iPhoneSimulator.ActiveCfg = Release|Any CPU
		{42645C07-7A3A-48CA-9003-7BB342CD2635}.Release|iPhoneSimulator.Build.0 = Release|Any CPU
		{3EB71994-3C27-4BB2-8844-8A1FF1E7A41A}.Debug|Any CPU.ActiveCfg = Debug|Any CPU
		{3EB71994-3C27-4BB2-8844-8A1FF1E7A41A}.Debug|Any CPU.Build.0 = Debug|Any CPU
		{3EB71994-3C27-4BB2-8844-8A1FF1E7A41A}.Debug|iPhone.ActiveCfg = Debug|Any CPU
		{3EB71994-3C27-4BB2-8844-8A1FF1E7A41A}.Debug|iPhone.Build.0 = Debug|Any CPU
		{3EB71994-3C27-4BB2-8844-8A1FF1E7A41A}.Debug|iPhoneSimulator.ActiveCfg = Debug|Any CPU
		{3EB71994-3C27-4BB2-8844-8A1FF1E7A41A}.Debug|iPhoneSimulator.Build.0 = Debug|Any CPU
		{3EB71994-3C27-4BB2-8844-8A1FF1E7A41A}.Release|Any CPU.ActiveCfg = Release|Any CPU
		{3EB71994-3C27-4BB2-8844-8A1FF1E7A41A}.Release|Any CPU.Build.0 = Release|Any CPU
		{3EB71994-3C27-4BB2-8844-8A1FF1E7A41A}.Release|iPhone.ActiveCfg = Release|Any CPU
		{3EB71994-3C27-4BB2-8844-8A1FF1E7A41A}.Release|iPhone.Build.0 = Release|Any CPU
		{3EB71994-3C27-4BB2-8844-8A1FF1E7A41A}.Release|iPhoneSimulator.ActiveCfg = Release|Any CPU
		{3EB71994-3C27-4BB2-8844-8A1FF1E7A41A}.Release|iPhoneSimulator.Build.0 = Release|Any CPU
		{553FC3A4-54CC-428B-98ED-C291B2F465FB}.Debug|Any CPU.ActiveCfg = Debug|Any CPU
		{553FC3A4-54CC-428B-98ED-C291B2F465FB}.Debug|Any CPU.Build.0 = Debug|Any CPU
		{553FC3A4-54CC-428B-98ED-C291B2F465FB}.Debug|iPhone.ActiveCfg = Debug|Any CPU
		{553FC3A4-54CC-428B-98ED-C291B2F465FB}.Debug|iPhone.Build.0 = Debug|Any CPU
		{553FC3A4-54CC-428B-98ED-C291B2F465FB}.Debug|iPhoneSimulator.ActiveCfg = Debug|Any CPU
		{553FC3A4-54CC-428B-98ED-C291B2F465FB}.Debug|iPhoneSimulator.Build.0 = Debug|Any CPU
		{553FC3A4-54CC-428B-98ED-C291B2F465FB}.Release|Any CPU.ActiveCfg = Release|Any CPU
		{553FC3A4-54CC-428B-98ED-C291B2F465FB}.Release|Any CPU.Build.0 = Release|Any CPU
		{553FC3A4-54CC-428B-98ED-C291B2F465FB}.Release|iPhone.ActiveCfg = Release|Any CPU
		{553FC3A4-54CC-428B-98ED-C291B2F465FB}.Release|iPhone.Build.0 = Release|Any CPU
		{553FC3A4-54CC-428B-98ED-C291B2F465FB}.Release|iPhoneSimulator.ActiveCfg = Release|Any CPU
		{553FC3A4-54CC-428B-98ED-C291B2F465FB}.Release|iPhoneSimulator.Build.0 = Release|Any CPU
		{9AB853BB-C9E5-4CE0-BFE5-3735F04F1E6D}.Debug|Any CPU.ActiveCfg = Debug|Any CPU
		{9AB853BB-C9E5-4CE0-BFE5-3735F04F1E6D}.Debug|Any CPU.Build.0 = Debug|Any CPU
		{9AB853BB-C9E5-4CE0-BFE5-3735F04F1E6D}.Debug|iPhone.ActiveCfg = Debug|Any CPU
		{9AB853BB-C9E5-4CE0-BFE5-3735F04F1E6D}.Debug|iPhone.Build.0 = Debug|Any CPU
		{9AB853BB-C9E5-4CE0-BFE5-3735F04F1E6D}.Debug|iPhoneSimulator.ActiveCfg = Debug|Any CPU
		{9AB853BB-C9E5-4CE0-BFE5-3735F04F1E6D}.Debug|iPhoneSimulator.Build.0 = Debug|Any CPU
		{9AB853BB-C9E5-4CE0-BFE5-3735F04F1E6D}.Release|Any CPU.ActiveCfg = Release|Any CPU
		{9AB853BB-C9E5-4CE0-BFE5-3735F04F1E6D}.Release|Any CPU.Build.0 = Release|Any CPU
		{9AB853BB-C9E5-4CE0-BFE5-3735F04F1E6D}.Release|iPhone.ActiveCfg = Release|Any CPU
		{9AB853BB-C9E5-4CE0-BFE5-3735F04F1E6D}.Release|iPhone.Build.0 = Release|Any CPU
		{9AB853BB-C9E5-4CE0-BFE5-3735F04F1E6D}.Release|iPhoneSimulator.ActiveCfg = Release|Any CPU
		{9AB853BB-C9E5-4CE0-BFE5-3735F04F1E6D}.Release|iPhoneSimulator.Build.0 = Release|Any CPU
		{97AE1E4E-B0B6-43EA-A3E2-7F3C5F5C313A}.Debug|Any CPU.ActiveCfg = Debug|Any CPU
		{97AE1E4E-B0B6-43EA-A3E2-7F3C5F5C313A}.Debug|Any CPU.Build.0 = Debug|Any CPU
		{97AE1E4E-B0B6-43EA-A3E2-7F3C5F5C313A}.Debug|Any CPU.Deploy.0 = Debug|Any CPU
		{97AE1E4E-B0B6-43EA-A3E2-7F3C5F5C313A}.Debug|iPhone.ActiveCfg = Debug|Any CPU
		{97AE1E4E-B0B6-43EA-A3E2-7F3C5F5C313A}.Debug|iPhone.Build.0 = Debug|Any CPU
		{97AE1E4E-B0B6-43EA-A3E2-7F3C5F5C313A}.Debug|iPhone.Deploy.0 = Debug|Any CPU
		{97AE1E4E-B0B6-43EA-A3E2-7F3C5F5C313A}.Debug|iPhoneSimulator.ActiveCfg = Debug|Any CPU
		{97AE1E4E-B0B6-43EA-A3E2-7F3C5F5C313A}.Debug|iPhoneSimulator.Build.0 = Debug|Any CPU
		{97AE1E4E-B0B6-43EA-A3E2-7F3C5F5C313A}.Debug|iPhoneSimulator.Deploy.0 = Debug|Any CPU
		{97AE1E4E-B0B6-43EA-A3E2-7F3C5F5C313A}.Release|Any CPU.ActiveCfg = Release|Any CPU
		{97AE1E4E-B0B6-43EA-A3E2-7F3C5F5C313A}.Release|Any CPU.Build.0 = Release|Any CPU
		{97AE1E4E-B0B6-43EA-A3E2-7F3C5F5C313A}.Release|Any CPU.Deploy.0 = Release|Any CPU
		{97AE1E4E-B0B6-43EA-A3E2-7F3C5F5C313A}.Release|iPhone.ActiveCfg = Release|Any CPU
		{97AE1E4E-B0B6-43EA-A3E2-7F3C5F5C313A}.Release|iPhone.Build.0 = Release|Any CPU
		{97AE1E4E-B0B6-43EA-A3E2-7F3C5F5C313A}.Release|iPhone.Deploy.0 = Release|Any CPU
		{97AE1E4E-B0B6-43EA-A3E2-7F3C5F5C313A}.Release|iPhoneSimulator.ActiveCfg = Release|Any CPU
		{97AE1E4E-B0B6-43EA-A3E2-7F3C5F5C313A}.Release|iPhoneSimulator.Build.0 = Release|Any CPU
		{97AE1E4E-B0B6-43EA-A3E2-7F3C5F5C313A}.Release|iPhoneSimulator.Deploy.0 = Release|Any CPU
		{453929BA-9957-423F-BD44-59906C80CBD2}.Debug|Any CPU.ActiveCfg = Debug|Any CPU
		{453929BA-9957-423F-BD44-59906C80CBD2}.Debug|Any CPU.Build.0 = Debug|Any CPU
		{453929BA-9957-423F-BD44-59906C80CBD2}.Debug|iPhone.ActiveCfg = Debug|Any CPU
		{453929BA-9957-423F-BD44-59906C80CBD2}.Debug|iPhone.Build.0 = Debug|Any CPU
		{453929BA-9957-423F-BD44-59906C80CBD2}.Debug|iPhoneSimulator.ActiveCfg = Debug|Any CPU
		{453929BA-9957-423F-BD44-59906C80CBD2}.Debug|iPhoneSimulator.Build.0 = Debug|Any CPU
		{453929BA-9957-423F-BD44-59906C80CBD2}.Release|Any CPU.ActiveCfg = Release|Any CPU
		{453929BA-9957-423F-BD44-59906C80CBD2}.Release|Any CPU.Build.0 = Release|Any CPU
		{453929BA-9957-423F-BD44-59906C80CBD2}.Release|iPhone.ActiveCfg = Release|Any CPU
		{453929BA-9957-423F-BD44-59906C80CBD2}.Release|iPhone.Build.0 = Release|Any CPU
		{453929BA-9957-423F-BD44-59906C80CBD2}.Release|iPhoneSimulator.ActiveCfg = Release|Any CPU
		{453929BA-9957-423F-BD44-59906C80CBD2}.Release|iPhoneSimulator.Build.0 = Release|Any CPU
		{D8D360E9-4B52-4157-A0C9-171125A16D35}.Debug|Any CPU.ActiveCfg = Debug|Any CPU
		{D8D360E9-4B52-4157-A0C9-171125A16D35}.Debug|Any CPU.Build.0 = Debug|Any CPU
		{D8D360E9-4B52-4157-A0C9-171125A16D35}.Debug|iPhone.ActiveCfg = Debug|Any CPU
		{D8D360E9-4B52-4157-A0C9-171125A16D35}.Debug|iPhone.Build.0 = Debug|Any CPU
		{D8D360E9-4B52-4157-A0C9-171125A16D35}.Debug|iPhoneSimulator.ActiveCfg = Debug|Any CPU
		{D8D360E9-4B52-4157-A0C9-171125A16D35}.Debug|iPhoneSimulator.Build.0 = Debug|Any CPU
		{D8D360E9-4B52-4157-A0C9-171125A16D35}.Release|Any CPU.ActiveCfg = Release|Any CPU
		{D8D360E9-4B52-4157-A0C9-171125A16D35}.Release|Any CPU.Build.0 = Release|Any CPU
		{D8D360E9-4B52-4157-A0C9-171125A16D35}.Release|iPhone.ActiveCfg = Release|Any CPU
		{D8D360E9-4B52-4157-A0C9-171125A16D35}.Release|iPhone.Build.0 = Release|Any CPU
		{D8D360E9-4B52-4157-A0C9-171125A16D35}.Release|iPhoneSimulator.ActiveCfg = Release|Any CPU
		{D8D360E9-4B52-4157-A0C9-171125A16D35}.Release|iPhoneSimulator.Build.0 = Release|Any CPU
		{3157A74A-CD2F-4308-A81D-D9CE8E99C7B0}.Debug|Any CPU.ActiveCfg = Debug|Any CPU
		{3157A74A-CD2F-4308-A81D-D9CE8E99C7B0}.Debug|Any CPU.Build.0 = Debug|Any CPU
		{3157A74A-CD2F-4308-A81D-D9CE8E99C7B0}.Debug|iPhone.ActiveCfg = Debug|Any CPU
		{3157A74A-CD2F-4308-A81D-D9CE8E99C7B0}.Debug|iPhone.Build.0 = Debug|Any CPU
		{3157A74A-CD2F-4308-A81D-D9CE8E99C7B0}.Debug|iPhoneSimulator.ActiveCfg = Debug|Any CPU
		{3157A74A-CD2F-4308-A81D-D9CE8E99C7B0}.Debug|iPhoneSimulator.Build.0 = Debug|Any CPU
		{3157A74A-CD2F-4308-A81D-D9CE8E99C7B0}.Release|Any CPU.ActiveCfg = Release|Any CPU
		{3157A74A-CD2F-4308-A81D-D9CE8E99C7B0}.Release|Any CPU.Build.0 = Release|Any CPU
		{3157A74A-CD2F-4308-A81D-D9CE8E99C7B0}.Release|iPhone.ActiveCfg = Release|Any CPU
		{3157A74A-CD2F-4308-A81D-D9CE8E99C7B0}.Release|iPhone.Build.0 = Release|Any CPU
		{3157A74A-CD2F-4308-A81D-D9CE8E99C7B0}.Release|iPhoneSimulator.ActiveCfg = Release|Any CPU
		{3157A74A-CD2F-4308-A81D-D9CE8E99C7B0}.Release|iPhoneSimulator.Build.0 = Release|Any CPU
	EndGlobalSection
	GlobalSection(SolutionProperties) = preSolution
		HideSolutionNode = FALSE
	EndGlobalSection
	GlobalSection(ExtensibilityGlobals) = postSolution
		SolutionGuid = {6B25681B-5781-4E56-9873-6CCCA36359BA}
	EndGlobalSection
EndGlobal
