Microsoft Visual Studio Solution File, Format Version 12.00
# Visual Studio Version 16
VisualStudioVersion = 16.0.29102.190
MinimumVisualStudioVersion = 10.0.40219.1
Project("{FAE04EC0-301F-11D3-BF4B-00C04F79EFBC}") = "JitsiMessangerApp.Android", "JitsiMessangerApp.Android\JitsiMessangerApp.Android.csproj", "{CBD79941-307F-4878-91EA-3B6B7A063C7F}"
EndProject
Project("{FAE04EC0-301F-11D3-BF4B-00C04F79EFBC}") = "JitsiMessangerApp.iOS", "JitsiMessangerApp.iOS\JitsiMessangerApp.iOS.csproj", "{D1C74F15-B7BF-4C97-8905-693B6F588568}"
EndProject
Project("{9A19103F-16F7-4668-BE54-9A1E7A4F7556}") = "JitsiMessangerApp", "JitsiMessangerApp\JitsiMessangerApp.csproj", "{C7DC8624-44EB-4BDC-82DE-C9E88B942A25}"
EndProject
Project("{FAE04EC0-301F-11D3-BF4B-00C04F79EFBC}") = "JitsiAndroidSDK", "JitsiCore\JitsiAndroidSDK.csproj", "{45DDB690-AA34-4E31-9E92-470902EB5323}"
EndProject
Project("{FAE04EC0-301F-11D3-BF4B-00C04F79EFBC}") = "JitsiMeetIos", "JitsiMeetIos\JitsiMeetIos.csproj", "{2D7AD840-7470-4BA5-8200-2CAE652E6D4B}"
EndProject
Project("{FAE04EC0-301F-11D3-BF4B-00C04F79EFBC}") = "JitsiMeetIosSample", "JitsiMeetIosSample\JitsiMeetIosSample.csproj", "{953AE27E-F9E4-47D7-9362-F15DB268447B}"
EndProject
Global
	GlobalSection(SolutionConfigurationPlatforms) = preSolution
		Debug|Any CPU = Debug|Any CPU
		Debug|iPhone = Debug|iPhone
		Debug|iPhoneSimulator = Debug|iPhoneSimulator
		Release|Any CPU = Release|Any CPU
		Release|iPhone = Release|iPhone
		Release|iPhoneSimulator = Release|iPhoneSimulator
	EndGlobalSection
	GlobalSection(ProjectConfigurationPlatforms) = postSolution
		{CBD79941-307F-4878-91EA-3B6B7A063C7F}.Debug|Any CPU.ActiveCfg = Debug|Any CPU
		{CBD79941-307F-4878-91EA-3B6B7A063C7F}.Debug|Any CPU.Build.0 = Debug|Any CPU
		{CBD79941-307F-4878-91EA-3B6B7A063C7F}.Debug|Any CPU.Deploy.0 = Debug|Any CPU
		{CBD79941-307F-4878-91EA-3B6B7A063C7F}.Debug|iPhone.ActiveCfg = Debug|Any CPU
		{CBD79941-307F-4878-91EA-3B6B7A063C7F}.Debug|iPhone.Build.0 = Debug|Any CPU
		{CBD79941-307F-4878-91EA-3B6B7A063C7F}.Debug|iPhoneSimulator.ActiveCfg = Debug|Any CPU
		{CBD79941-307F-4878-91EA-3B6B7A063C7F}.Debug|iPhoneSimulator.Build.0 = Debug|Any CPU
		{CBD79941-307F-4878-91EA-3B6B7A063C7F}.Release|Any CPU.ActiveCfg = Release|Any CPU
		{CBD79941-307F-4878-91EA-3B6B7A063C7F}.Release|Any CPU.Build.0 = Release|Any CPU
		{CBD79941-307F-4878-91EA-3B6B7A063C7F}.Release|iPhone.ActiveCfg = Release|Any CPU
		{CBD79941-307F-4878-91EA-3B6B7A063C7F}.Release|iPhone.Build.0 = Release|Any CPU
		{CBD79941-307F-4878-91EA-3B6B7A063C7F}.Release|iPhoneSimulator.ActiveCfg = Release|Any CPU
		{CBD79941-307F-4878-91EA-3B6B7A063C7F}.Release|iPhoneSimulator.Build.0 = Release|Any CPU
		{D1C74F15-B7BF-4C97-8905-693B6F588568}.Debug|Any CPU.ActiveCfg = Debug|iPhoneSimulator
		{D1C74F15-B7BF-4C97-8905-693B6F588568}.Debug|Any CPU.Build.0 = Debug|iPhoneSimulator
		{D1C74F15-B7BF-4C97-8905-693B6F588568}.Debug|iPhone.ActiveCfg = Debug|iPhone
		{D1C74F15-B7BF-4C97-8905-693B6F588568}.Debug|iPhone.Build.0 = Debug|iPhone
		{D1C74F15-B7BF-4C97-8905-693B6F588568}.Debug|iPhoneSimulator.ActiveCfg = Debug|iPhoneSimulator
		{D1C74F15-B7BF-4C97-8905-693B6F588568}.Debug|iPhoneSimulator.Build.0 = Debug|iPhoneSimulator
		{D1C74F15-B7BF-4C97-8905-693B6F588568}.Release|Any CPU.ActiveCfg = Release|iPhoneSimulator
		{D1C74F15-B7BF-4C97-8905-693B6F588568}.Release|Any CPU.Build.0 = Release|iPhoneSimulator
		{D1C74F15-B7BF-4C97-8905-693B6F588568}.Release|iPhone.ActiveCfg = Release|iPhone
		{D1C74F15-B7BF-4C97-8905-693B6F588568}.Release|iPhone.Build.0 = Release|iPhone
		{D1C74F15-B7BF-4C97-8905-693B6F588568}.Release|iPhoneSimulator.ActiveCfg = Release|iPhoneSimulator
		{D1C74F15-B7BF-4C97-8905-693B6F588568}.Release|iPhoneSimulator.Build.0 = Release|iPhoneSimulator
		{C7DC8624-44EB-4BDC-82DE-C9E88B942A25}.Debug|Any CPU.ActiveCfg = Debug|Any CPU
		{C7DC8624-44EB-4BDC-82DE-C9E88B942A25}.Debug|Any CPU.Build.0 = Debug|Any CPU
		{C7DC8624-44EB-4BDC-82DE-C9E88B942A25}.Debug|iPhone.ActiveCfg = Debug|Any CPU
		{C7DC8624-44EB-4BDC-82DE-C9E88B942A25}.Debug|iPhone.Build.0 = Debug|Any CPU
		{C7DC8624-44EB-4BDC-82DE-C9E88B942A25}.Debug|iPhoneSimulator.ActiveCfg = Debug|Any CPU
		{C7DC8624-44EB-4BDC-82DE-C9E88B942A25}.Debug|iPhoneSimulator.Build.0 = Debug|Any CPU
		{C7DC8624-44EB-4BDC-82DE-C9E88B942A25}.Release|Any CPU.ActiveCfg = Release|Any CPU
		{C7DC8624-44EB-4BDC-82DE-C9E88B942A25}.Release|Any CPU.Build.0 = Release|Any CPU
		{C7DC8624-44EB-4BDC-82DE-C9E88B942A25}.Release|iPhone.ActiveCfg = Release|Any CPU
		{C7DC8624-44EB-4BDC-82DE-C9E88B942A25}.Release|iPhone.Build.0 = Release|Any CPU
		{C7DC8624-44EB-4BDC-82DE-C9E88B942A25}.Release|iPhoneSimulator.ActiveCfg = Release|Any CPU
		{C7DC8624-44EB-4BDC-82DE-C9E88B942A25}.Release|iPhoneSimulator.Build.0 = Release|Any CPU
		{45DDB690-AA34-4E31-9E92-470902EB5323}.Debug|Any CPU.ActiveCfg = Debug|Any CPU
		{45DDB690-AA34-4E31-9E92-470902EB5323}.Debug|Any CPU.Build.0 = Debug|Any CPU
		{45DDB690-AA34-4E31-9E92-470902EB5323}.Debug|iPhone.ActiveCfg = Debug|Any CPU
		{45DDB690-AA34-4E31-9E92-470902EB5323}.Debug|iPhone.Build.0 = Debug|Any CPU
		{45DDB690-AA34-4E31-9E92-470902EB5323}.Debug|iPhoneSimulator.ActiveCfg = Debug|Any CPU
		{45DDB690-AA34-4E31-9E92-470902EB5323}.Debug|iPhoneSimulator.Build.0 = Debug|Any CPU
		{45DDB690-AA34-4E31-9E92-470902EB5323}.Release|Any CPU.ActiveCfg = Release|Any CPU
		{45DDB690-AA34-4E31-9E92-470902EB5323}.Release|Any CPU.Build.0 = Release|Any CPU
		{45DDB690-AA34-4E31-9E92-470902EB5323}.Release|iPhone.ActiveCfg = Release|Any CPU
		{45DDB690-AA34-4E31-9E92-470902EB5323}.Release|iPhone.Build.0 = Release|Any CPU
		{45DDB690-AA34-4E31-9E92-470902EB5323}.Release|iPhoneSimulator.ActiveCfg = Release|Any CPU
		{45DDB690-AA34-4E31-9E92-470902EB5323}.Release|iPhoneSimulator.Build.0 = Release|Any CPU
		{2D7AD840-7470-4BA5-8200-2CAE652E6D4B}.Debug|Any CPU.ActiveCfg = Debug|Any CPU
		{2D7AD840-7470-4BA5-8200-2CAE652E6D4B}.Debug|Any CPU.Build.0 = Debug|Any CPU
		{2D7AD840-7470-4BA5-8200-2CAE652E6D4B}.Debug|iPhone.ActiveCfg = Debug|Any CPU
		{2D7AD840-7470-4BA5-8200-2CAE652E6D4B}.Debug|iPhone.Build.0 = Debug|Any CPU
		{2D7AD840-7470-4BA5-8200-2CAE652E6D4B}.Debug|iPhoneSimulator.ActiveCfg = Debug|Any CPU
		{2D7AD840-7470-4BA5-8200-2CAE652E6D4B}.Debug|iPhoneSimulator.Build.0 = Debug|Any CPU
		{2D7AD840-7470-4BA5-8200-2CAE652E6D4B}.Release|Any CPU.ActiveCfg = Release|Any CPU
		{2D7AD840-7470-4BA5-8200-2CAE652E6D4B}.Release|Any CPU.Build.0 = Release|Any CPU
		{2D7AD840-7470-4BA5-8200-2CAE652E6D4B}.Release|iPhone.ActiveCfg = Release|Any CPU
		{2D7AD840-7470-4BA5-8200-2CAE652E6D4B}.Release|iPhone.Build.0 = Release|Any CPU
		{2D7AD840-7470-4BA5-8200-2CAE652E6D4B}.Release|iPhoneSimulator.ActiveCfg = Release|Any CPU
		{2D7AD840-7470-4BA5-8200-2CAE652E6D4B}.Release|iPhoneSimulator.Build.0 = Release|Any CPU
		{953AE27E-F9E4-47D7-9362-F15DB268447B}.Debug|Any CPU.ActiveCfg = Debug|iPhoneSimulator
		{953AE27E-F9E4-47D7-9362-F15DB268447B}.Debug|Any CPU.Build.0 = Debug|iPhoneSimulator
		{953AE27E-F9E4-47D7-9362-F15DB268447B}.Debug|iPhone.ActiveCfg = Debug|iPhone
		{953AE27E-F9E4-47D7-9362-F15DB268447B}.Debug|iPhone.Build.0 = Debug|iPhone
		{953AE27E-F9E4-47D7-9362-F15DB268447B}.Debug|iPhoneSimulator.ActiveCfg = Debug|iPhoneSimulator
		{953AE27E-F9E4-47D7-9362-F15DB268447B}.Debug|iPhoneSimulator.Build.0 = Debug|iPhoneSimulator
		{953AE27E-F9E4-47D7-9362-F15DB268447B}.Release|Any CPU.ActiveCfg = Release|iPhoneSimulator
		{953AE27E-F9E4-47D7-9362-F15DB268447B}.Release|Any CPU.Build.0 = Release|iPhoneSimulator
		{953AE27E-F9E4-47D7-9362-F15DB268447B}.Release|iPhone.ActiveCfg = Release|iPhone
		{953AE27E-F9E4-47D7-9362-F15DB268447B}.Release|iPhone.Build.0 = Release|iPhone
		{953AE27E-F9E4-47D7-9362-F15DB268447B}.Release|iPhoneSimulator.ActiveCfg = Release|iPhoneSimulator
		{953AE27E-F9E4-47D7-9362-F15DB268447B}.Release|iPhoneSimulator.Build.0 = Release|iPhoneSimulator
	EndGlobalSection
	GlobalSection(SolutionProperties) = preSolution
		HideSolutionNode = FALSE
	EndGlobalSection
	GlobalSection(ExtensibilityGlobals) = postSolution
		SolutionGuid = {6B25681B-5781-4E56-9873-6CCCA36359BA}
	EndGlobalSection
EndGlobal
